
Microsoft Visual Studio Solution File, Format Version 12.00
# Visual Studio Version 17
VisualStudioVersion = 17.7.34018.315
MinimumVisualStudioVersion = 10.0.40219.1
Project("{FAE04EC0-301F-11D3-BF4B-00C04F79EFBC}") = "Exercises2", "Exercises2\Exercises2.csproj", "{31EF83A6-F467-4C72-92B6-162AC588A2D2}"
EndProject
Global
	GlobalSection(SolutionConfigurationPlatforms) = preSolution
		Debug|Any CPU = Debug|Any CPU
		Release|Any CPU = Release|Any CPU
	EndGlobalSection
	GlobalSection(ProjectConfigurationPlatforms) = postSolution
		{31EF83A6-F467-4C72-92B6-162AC588A2D2}.Debug|Any CPU.ActiveCfg = Debug|Any CPU
		{31EF83A6-F467-4C72-92B6-162AC588A2D2}.Debug|Any CPU.Build.0 = Debug|Any CPU
		{31EF83A6-F467-4C72-92B6-162AC588A2D2}.Release|Any CPU.ActiveCfg = Release|Any CPU
		{31EF83A6-F467-4C72-92B6-162AC588A2D2}.Release|Any CPU.Build.0 = Release|Any CPU
	EndGlobalSection
	GlobalSection(SolutionProperties) = preSolution
		HideSolutionNode = FALSE
	EndGlobalSection
	GlobalSection(ExtensibilityGlobals) = postSolution
		SolutionGuid = {C0A20770-9223-4B04-8EF1-1978D88C7519}
	EndGlobalSection
EndGlobal
