
Microsoft Visual Studio Solution File, Format Version 12.00
# Visual Studio Version 17
VisualStudioVersion = 17.7.34018.315
MinimumVisualStudioVersion = 10.0.40219.1
Project("{FAE04EC0-301F-11D3-BF4B-00C04F79EFBC}") = "StringBuilder", "StringBuilder\StringBuilder.csproj", "{C3CB8FDA-67C7-4E8A-823F-295460BB9BC5}"
EndProject
Global
	GlobalSection(SolutionConfigurationPlatforms) = preSolution
		Debug|Any CPU = Debug|Any CPU
		Release|Any CPU = Release|Any CPU
	EndGlobalSection
	GlobalSection(ProjectConfigurationPlatforms) = postSolution
		{C3CB8FDA-67C7-4E8A-823F-295460BB9BC5}.Debug|Any CPU.ActiveCfg = Debug|Any CPU
		{C3CB8FDA-67C7-4E8A-823F-295460BB9BC5}.Debug|Any CPU.Build.0 = Debug|Any CPU
		{C3CB8FDA-67C7-4E8A-823F-295460BB9BC5}.Release|Any CPU.ActiveCfg = Release|Any CPU
		{C3CB8FDA-67C7-4E8A-823F-295460BB9BC5}.Release|Any CPU.Build.0 = Release|Any CPU
	EndGlobalSection
	GlobalSection(SolutionProperties) = preSolution
		HideSolutionNode = FALSE
	EndGlobalSection
	GlobalSection(ExtensibilityGlobals) = postSolution
		SolutionGuid = {FFD488CE-64F5-41C5-811F-EC23F0627322}
	EndGlobalSection
EndGlobal
